// !$*UTF8*$!
{
	archiveVersion = 1;
	classes = {
	};
	objectVersion = 50;
	objects = {

/* Begin PBXBuildFile section */
		707FFB23513C15AB5D3B2E42 /* Pods_BananaPhoto.framework in Frameworks */ = {isa = PBXBuildFile; fileRef = BA5D4F7E67EF510411C86EDA /* Pods_BananaPhoto.framework */; };
		C163A1D626D06FBE00528DB5 /* AppDelegate.swift in Sources */ = {isa = PBXBuildFile; fileRef = C163A1D526D06FBE00528DB5 /* AppDelegate.swift */; };
		C163A1D826D06FBE00528DB5 /* SceneDelegate.swift in Sources */ = {isa = PBXBuildFile; fileRef = C163A1D726D06FBE00528DB5 /* SceneDelegate.swift */; };
		C163A1DA26D06FBE00528DB5 /* ViewController.swift in Sources */ = {isa = PBXBuildFile; fileRef = C163A1D926D06FBE00528DB5 /* ViewController.swift */; };
		C163A1DD26D06FBE00528DB5 /* Main.storyboard in Resources */ = {isa = PBXBuildFile; fileRef = C163A1DB26D06FBE00528DB5 /* Main.storyboard */; };
		C163A1DF26D06FC000528DB5 /* Assets.xcassets in Resources */ = {isa = PBXBuildFile; fileRef = C163A1DE26D06FC000528DB5 /* Assets.xcassets */; };
		C163A1E226D06FC000528DB5 /* LaunchScreen.storyboard in Resources */ = {isa = PBXBuildFile; fileRef = C163A1E026D06FC000528DB5 /* LaunchScreen.storyboard */; };
		C163A1ED26D0751700528DB5 /* NextViewController.swift in Sources */ = {isa = PBXBuildFile; fileRef = C163A1EC26D0751700528DB5 /* NextViewController.swift */; };
		C163A1EF26D09A0B00528DB5 /* PhotoViewController.swift in Sources */ = {isa = PBXBuildFile; fileRef = C163A1EE26D09A0B00528DB5 /* PhotoViewController.swift */; };
/* End PBXBuildFile section */

/* Begin PBXFileReference section */
		0199794983FDECB2576DF50A /* Pods-BananaPhoto.debug.xcconfig */ = {isa = PBXFileReference; includeInIndex = 1; lastKnownFileType = text.xcconfig; name = "Pods-BananaPhoto.debug.xcconfig"; path = "Target Support Files/Pods-BananaPhoto/Pods-BananaPhoto.debug.xcconfig"; sourceTree = "<group>"; };
		BA5D4F7E67EF510411C86EDA /* Pods_BananaPhoto.framework */ = {isa = PBXFileReference; explicitFileType = wrapper.framework; includeInIndex = 0; path = Pods_BananaPhoto.framework; sourceTree = BUILT_PRODUCTS_DIR; };
		C163A1D226D06FBE00528DB5 /* BananaPhoto.app */ = {isa = PBXFileReference; explicitFileType = wrapper.application; includeInIndex = 0; path = BananaPhoto.app; sourceTree = BUILT_PRODUCTS_DIR; };
		C163A1D526D06FBE00528DB5 /* AppDelegate.swift */ = {isa = PBXFileReference; lastKnownFileType = sourcecode.swift; path = AppDelegate.swift; sourceTree = "<group>"; };
		C163A1D726D06FBE00528DB5 /* SceneDelegate.swift */ = {isa = PBXFileReference; lastKnownFileType = sourcecode.swift; path = SceneDelegate.swift; sourceTree = "<group>"; };
		C163A1D926D06FBE00528DB5 /* ViewController.swift */ = {isa = PBXFileReference; lastKnownFileType = sourcecode.swift; path = ViewController.swift; sourceTree = "<group>"; };
		C163A1DC26D06FBE00528DB5 /* Base */ = {isa = PBXFileReference; lastKnownFileType = file.storyboard; name = Base; path = Base.lproj/Main.storyboard; sourceTree = "<group>"; };
		C163A1DE26D06FC000528DB5 /* Assets.xcassets */ = {isa = PBXFileReference; lastKnownFileType = folder.assetcatalog; path = Assets.xcassets; sourceTree = "<group>"; };
		C163A1E126D06FC000528DB5 /* Base */ = {isa = PBXFileReference; lastKnownFileType = file.storyboard; name = Base; path = Base.lproj/LaunchScreen.storyboard; sourceTree = "<group>"; };
		C163A1E326D06FC000528DB5 /* Info.plist */ = {isa = PBXFileReference; lastKnownFileType = text.plist.xml; path = Info.plist; sourceTree = "<group>"; };
		C163A1EC26D0751700528DB5 /* NextViewController.swift */ = {isa = PBXFileReference; lastKnownFileType = sourcecode.swift; path = NextViewController.swift; sourceTree = "<group>"; };
		C163A1EE26D09A0B00528DB5 /* PhotoViewController.swift */ = {isa = PBXFileReference; lastKnownFileType = sourcecode.swift; path = PhotoViewController.swift; sourceTree = "<group>"; };
		F6DB75E95EC5C49EBC94C3D0 /* Pods-BananaPhoto.release.xcconfig */ = {isa = PBXFileReference; includeInIndex = 1; lastKnownFileType = text.xcconfig; name = "Pods-BananaPhoto.release.xcconfig"; path = "Target Support Files/Pods-BananaPhoto/Pods-BananaPhoto.release.xcconfig"; sourceTree = "<group>"; };
/* End PBXFileReference section */

/* Begin PBXFrameworksBuildPhase section */
		C163A1CF26D06FBE00528DB5 /* Frameworks */ = {
			isa = PBXFrameworksBuildPhase;
			buildActionMask = 2147483647;
			files = (
				707FFB23513C15AB5D3B2E42 /* Pods_BananaPhoto.framework in Frameworks */,
			);
			runOnlyForDeploymentPostprocessing = 0;
		};
/* End PBXFrameworksBuildPhase section */

/* Begin PBXGroup section */
		9876B00CA0E9562398E97D7B /* Pods */ = {
			isa = PBXGroup;
			children = (
				0199794983FDECB2576DF50A /* Pods-BananaPhoto.debug.xcconfig */,
				F6DB75E95EC5C49EBC94C3D0 /* Pods-BananaPhoto.release.xcconfig */,
			);
			name = Pods;
			path = Pods;
			sourceTree = "<group>";
		};
		C163A1C926D06FBE00528DB5 = {
			isa = PBXGroup;
			children = (
				C163A1D426D06FBE00528DB5 /* BananaPhoto */,
				C163A1D326D06FBE00528DB5 /* Products */,
				9876B00CA0E9562398E97D7B /* Pods */,
				EE38F3FC2F4B5F5B00CBC577 /* Frameworks */,
			);
			sourceTree = "<group>";
		};
		C163A1D326D06FBE00528DB5 /* Products */ = {
			isa = PBXGroup;
			children = (
				C163A1D226D06FBE00528DB5 /* BananaPhoto.app */,
			);
			name = Products;
			sourceTree = "<group>";
		};
		C163A1D426D06FBE00528DB5 /* BananaPhoto */ = {
			isa = PBXGroup;
			children = (
				C163A1EB26D074FC00528DB5 /* Controller */,
				C163A1EA26D074F800528DB5 /* View */,
				C163A1E926D074F000528DB5 /* Model */,
				C163A1E326D06FC000528DB5 /* Info.plist */,
			);
			path = BananaPhoto;
			sourceTree = "<group>";
		};
		C163A1E926D074F000528DB5 /* Model */ = {
			isa = PBXGroup;
			children = (
			);
			path = Model;
			sourceTree = "<group>";
		};
		C163A1EA26D074F800528DB5 /* View */ = {
			isa = PBXGroup;
			children = (
				C163A1E026D06FC000528DB5 /* LaunchScreen.storyboard */,
				C163A1DB26D06FBE00528DB5 /* Main.storyboard */,
				C163A1DE26D06FC000528DB5 /* Assets.xcassets */,
			);
			path = View;
			sourceTree = "<group>";
		};
		C163A1EB26D074FC00528DB5 /* Controller */ = {
			isa = PBXGroup;
			children = (
				C163A1D526D06FBE00528DB5 /* AppDelegate.swift */,
				C163A1D726D06FBE00528DB5 /* SceneDelegate.swift */,
				C163A1D926D06FBE00528DB5 /* ViewController.swift */,
				C163A1EC26D0751700528DB5 /* NextViewController.swift */,
				C163A1EE26D09A0B00528DB5 /* PhotoViewController.swift */,
			);
			path = Controller;
			sourceTree = "<group>";
		};
		EE38F3FC2F4B5F5B00CBC577 /* Frameworks */ = {
			isa = PBXGroup;
			children = (
				BA5D4F7E67EF510411C86EDA /* Pods_BananaPhoto.framework */,
			);
			name = Frameworks;
			sourceTree = "<group>";
		};
/* End PBXGroup section */

/* Begin PBXNativeTarget section */
		C163A1D126D06FBE00528DB5 /* BananaPhoto */ = {
			isa = PBXNativeTarget;
			buildConfigurationList = C163A1E626D06FC000528DB5 /* Build configuration list for PBXNativeTarget "BananaPhoto" */;
			buildPhases = (
				370D71BEF560CF3A1377370E /* [CP] Check Pods Manifest.lock */,
				C163A1CE26D06FBE00528DB5 /* Sources */,
				C163A1CF26D06FBE00528DB5 /* Frameworks */,
				C163A1D026D06FBE00528DB5 /* Resources */,
			);
			buildRules = (
			);
			dependencies = (
			);
			name = BananaPhoto;
			productName = BananaPhoto;
			productReference = C163A1D226D06FBE00528DB5 /* BananaPhoto.app */;
			productType = "com.apple.product-type.application";
		};
/* End PBXNativeTarget section */

/* Begin PBXProject section */
		C163A1CA26D06FBE00528DB5 /* Project object */ = {
			isa = PBXProject;
			attributes = {
				LastSwiftUpdateCheck = 1250;
				LastUpgradeCheck = 1250;
				TargetAttributes = {
					C163A1D126D06FBE00528DB5 = {
						CreatedOnToolsVersion = 12.5.1;
					};
				};
			};
			buildConfigurationList = C163A1CD26D06FBE00528DB5 /* Build configuration list for PBXProject "BananaPhoto" */;
			compatibilityVersion = "Xcode 9.3";
			developmentRegion = en;
			hasScannedForEncodings = 0;
			knownRegions = (
				en,
				Base,
			);
			mainGroup = C163A1C926D06FBE00528DB5;
			productRefGroup = C163A1D326D06FBE00528DB5 /* Products */;
			projectDirPath = "";
			projectRoot = "";
			targets = (
				C163A1D126D06FBE00528DB5 /* BananaPhoto */,
			);
		};
/* End PBXProject section */

/* Begin PBXResourcesBuildPhase section */
		C163A1D026D06FBE00528DB5 /* Resources */ = {
			isa = PBXResourcesBuildPhase;
			buildActionMask = 2147483647;
			files = (
				C163A1E226D06FC000528DB5 /* LaunchScreen.storyboard in Resources */,
				C163A1DF26D06FC000528DB5 /* Assets.xcassets in Resources */,
				C163A1DD26D06FBE00528DB5 /* Main.storyboard in Resources */,
			);
			runOnlyForDeploymentPostprocessing = 0;
		};
/* End PBXResourcesBuildPhase section */

/* Begin PBXShellScriptBuildPhase section */
		370D71BEF560CF3A1377370E /* [CP] Check Pods Manifest.lock */ = {
			isa = PBXShellScriptBuildPhase;
			buildActionMask = 2147483647;
			files = (
			);
			inputFileListPaths = (
			);
			inputPaths = (
				"${PODS_PODFILE_DIR_PATH}/Podfile.lock",
				"${PODS_ROOT}/Manifest.lock",
			);
			name = "[CP] Check Pods Manifest.lock";
			outputFileListPaths = (
			);
			outputPaths = (
				"$(DERIVED_FILE_DIR)/Pods-BananaPhoto-checkManifestLockResult.txt",
			);
			runOnlyForDeploymentPostprocessing = 0;
			shellPath = /bin/sh;
			shellScript = "diff \"${PODS_PODFILE_DIR_PATH}/Podfile.lock\" \"${PODS_ROOT}/Manifest.lock\" > /dev/null\nif [ $? != 0 ] ; then\n    # print error to STDERR\n    echo \"error: The sandbox is not in sync with the Podfile.lock. Run 'pod install' or update your CocoaPods installation.\" >&2\n    exit 1\nfi\n# This output is used by Xcode 'outputs' to avoid re-running this script phase.\necho \"SUCCESS\" > \"${SCRIPT_OUTPUT_FILE_0}\"\n";
			showEnvVarsInLog = 0;
		};
/* End PBXShellScriptBuildPhase section */

/* Begin PBXSourcesBuildPhase section */
		C163A1CE26D06FBE00528DB5 /* Sources */ = {
			isa = PBXSourcesBuildPhase;
			buildActionMask = 2147483647;
			files = (
				C163A1DA26D06FBE00528DB5 /* ViewController.swift in Sources */,
				C163A1ED26D0751700528DB5 /* NextViewController.swift in Sources */,
				C163A1D626D06FBE00528DB5 /* AppDelegate.swift in Sources */,
				C163A1D826D06FBE00528DB5 /* SceneDelegate.swift in Sources */,
				C163A1EF26D09A0B00528DB5 /* PhotoViewController.swift in Sources */,
			);
			runOnlyForDeploymentPostprocessing = 0;
		};
/* End PBXSourcesBuildPhase section */

/* Begin PBXVariantGroup section */
		C163A1DB26D06FBE00528DB5 /* Main.storyboard */ = {
			isa = PBXVariantGroup;
			children = (
				C163A1DC26D06FBE00528DB5 /* Base */,
			);
			name = Main.storyboard;
			sourceTree = "<group>";
		};
		C163A1E026D06FC000528DB5 /* LaunchScreen.storyboard */ = {
			isa = PBXVariantGroup;
			children = (
				C163A1E126D06FC000528DB5 /* Base */,
			);
			name = LaunchScreen.storyboard;
			sourceTree = "<group>";
		};
/* End PBXVariantGroup section */

/* Begin XCBuildConfiguration section */
		C163A1E426D06FC000528DB5 /* Debug */ = {
			isa = XCBuildConfiguration;
			buildSettings = {
				ALWAYS_SEARCH_USER_PATHS = NO;
				CLANG_ANALYZER_NONNULL = YES;
				CLANG_ANALYZER_NUMBER_OBJECT_CONVERSION = YES_AGGRESSIVE;
				CLANG_CXX_LANGUAGE_STANDARD = "gnu++14";
				CLANG_CXX_LIBRARY = "libc++";
				CLANG_ENABLE_MODULES = YES;
				CLANG_ENABLE_OBJC_ARC = YES;
				CLANG_ENABLE_OBJC_WEAK = YES;
				CLANG_WARN_BLOCK_CAPTURE_AUTORELEASING = YES;
				CLANG_WARN_BOOL_CONVERSION = YES;
				CLANG_WARN_COMMA = YES;
				CLANG_WARN_CONSTANT_CONVERSION = YES;
				CLANG_WARN_DEPRECATED_OBJC_IMPLEMENTATIONS = YES;
				CLANG_WARN_DIRECT_OBJC_ISA_USAGE = YES_ERROR;
				CLANG_WARN_DOCUMENTATION_COMMENTS = YES;
				CLANG_WARN_EMPTY_BODY = YES;
				CLANG_WARN_ENUM_CONVERSION = YES;
				CLANG_WARN_INFINITE_RECURSION = YES;
				CLANG_WARN_INT_CONVERSION = YES;
				CLANG_WARN_NON_LITERAL_NULL_CONVERSION = YES;
				CLANG_WARN_OBJC_IMPLICIT_RETAIN_SELF = YES;
				CLANG_WARN_OBJC_LITERAL_CONVERSION = YES;
				CLANG_WARN_OBJC_ROOT_CLASS = YES_ERROR;
				CLANG_WARN_QUOTED_INCLUDE_IN_FRAMEWORK_HEADER = YES;
				CLANG_WARN_RANGE_LOOP_ANALYSIS = YES;
				CLANG_WARN_STRICT_PROTOTYPES = YES;
				CLANG_WARN_SUSPICIOUS_MOVE = YES;
				CLANG_WARN_UNGUARDED_AVAILABILITY = YES_AGGRESSIVE;
				CLANG_WARN_UNREACHABLE_CODE = YES;
				CLANG_WARN__DUPLICATE_METHOD_MATCH = YES;
				COPY_PHASE_STRIP = NO;
				DEBUG_INFORMATION_FORMAT = dwarf;
				ENABLE_STRICT_OBJC_MSGSEND = YES;
				ENABLE_TESTABILITY = YES;
				GCC_C_LANGUAGE_STANDARD = gnu11;
				GCC_DYNAMIC_NO_PIC = NO;
				GCC_NO_COMMON_BLOCKS = YES;
				GCC_OPTIMIZATION_LEVEL = 0;
				GCC_PREPROCESSOR_DEFINITIONS = (
					"DEBUG=1",
					"$(inherited)",
				);
				GCC_WARN_64_TO_32_BIT_CONVERSION = YES;
				GCC_WARN_ABOUT_RETURN_TYPE = YES_ERROR;
				GCC_WARN_UNDECLARED_SELECTOR = YES;
				GCC_WARN_UNINITIALIZED_AUTOS = YES_AGGRESSIVE;
				GCC_WARN_UNUSED_FUNCTION = YES;
				GCC_WARN_UNUSED_VARIABLE = YES;
				IPHONEOS_DEPLOYMENT_TARGET = 14.5;
				MTL_ENABLE_DEBUG_INFO = INCLUDE_SOURCE;
				MTL_FAST_MATH = YES;
				ONLY_ACTIVE_ARCH = YES;
				SDKROOT = iphoneos;
				SWIFT_ACTIVE_COMPILATION_CONDITIONS = DEBUG;
				SWIFT_OPTIMIZATION_LEVEL = "-Onone";
			};
			name = Debug;
		};
		C163A1E526D06FC000528DB5 /* Release */ = {
			isa = XCBuildConfiguration;
			buildSettings = {
				ALWAYS_SEARCH_USER_PATHS = NO;
				CLANG_ANALYZER_NONNULL = YES;
				CLANG_ANALYZER_NUMBER_OBJECT_CONVERSION = YES_AGGRESSIVE;
				CLANG_CXX_LANGUAGE_STANDARD = "gnu++14";
				CLANG_CXX_LIBRARY = "libc++";
				CLANG_ENABLE_MODULES = YES;
				CLANG_ENABLE_OBJC_ARC = YES;
				CLANG_ENABLE_OBJC_WEAK = YES;
				CLANG_WARN_BLOCK_CAPTURE_AUTORELEASING = YES;
				CLANG_WARN_BOOL_CONVERSION = YES;
				CLANG_WARN_COMMA = YES;
				CLANG_WARN_CONSTANT_CONVERSION = YES;
				CLANG_WARN_DEPRECATED_OBJC_IMPLEMENTATIONS = YES;
				CLANG_WARN_DIRECT_OBJC_ISA_USAGE = YES_ERROR;
				CLANG_WARN_DOCUMENTATION_COMMENTS = YES;
				CLANG_WARN_EMPTY_BODY = YES;
				CLANG_WARN_ENUM_CONVERSION = YES;
				CLANG_WARN_INFINITE_RECURSION = YES;
				CLANG_WARN_INT_CONVERSION = YES;
				CLANG_WARN_NON_LITERAL_NULL_CONVERSION = YES;
				CLANG_WARN_OBJC_IMPLICIT_RETAIN_SELF = YES;
				CLANG_WARN_OBJC_LITERAL_CONVERSION = YES;
				CLANG_WARN_OBJC_ROOT_CLASS = YES_ERROR;
				CLANG_WARN_QUOTED_INCLUDE_IN_FRAMEWORK_HEADER = YES;
				CLANG_WARN_RANGE_LOOP_ANALYSIS = YES;
				CLANG_WARN_STRICT_PROTOTYPES = YES;
				CLANG_WARN_SUSPICIOUS_MOVE = YES;
				CLANG_WARN_UNGUARDED_AVAILABILITY = YES_AGGRESSIVE;
				CLANG_WARN_UNREACHABLE_CODE = YES;
				CLANG_WARN__DUPLICATE_METHOD_MATCH = YES;
				COPY_PHASE_STRIP = NO;
				DEBUG_INFORMATION_FORMAT = "dwarf-with-dsym";
				ENABLE_NS_ASSERTIONS = NO;
				ENABLE_STRICT_OBJC_MSGSEND = YES;
				GCC_C_LANGUAGE_STANDARD = gnu11;
				GCC_NO_COMMON_BLOCKS = YES;
				GCC_WARN_64_TO_32_BIT_CONVERSION = YES;
				GCC_WARN_ABOUT_RETURN_TYPE = YES_ERROR;
				GCC_WARN_UNDECLARED_SELECTOR = YES;
				GCC_WARN_UNINITIALIZED_AUTOS = YES_AGGRESSIVE;
				GCC_WARN_UNUSED_FUNCTION = YES;
				GCC_WARN_UNUSED_VARIABLE = YES;
				IPHONEOS_DEPLOYMENT_TARGET = 14.5;
				MTL_ENABLE_DEBUG_INFO = NO;
				MTL_FAST_MATH = YES;
				SDKROOT = iphoneos;
				SWIFT_COMPILATION_MODE = wholemodule;
				SWIFT_OPTIMIZATION_LEVEL = "-O";
				VALIDATE_PRODUCT = YES;
			};
			name = Release;
		};
		C163A1E726D06FC000528DB5 /* Debug */ = {
			isa = XCBuildConfiguration;
			baseConfigurationReference = 0199794983FDECB2576DF50A /* Pods-BananaPhoto.debug.xcconfig */;
			buildSettings = {
				ASSETCATALOG_COMPILER_APPICON_NAME = AppIcon;
				ASSETCATALOG_COMPILER_GLOBAL_ACCENT_COLOR_NAME = AccentColor;
				CODE_SIGN_STYLE = Automatic;
				CURRENT_PROJECT_VERSION = 4;
				DEVELOPMENT_TEAM = R43R4Y2L5Q;
				INFOPLIST_FILE = BananaPhoto/Info.plist;
				LD_RUNPATH_SEARCH_PATHS = (
					"$(inherited)",
					"@executable_path/Frameworks",
				);
				MARKETING_VERSION = 1.1;
				PRODUCT_BUNDLE_IDENTIFIER = com.hideya.BananaPhoto;
				PRODUCT_NAME = "$(TARGET_NAME)";
				SWIFT_VERSION = 5.0;
				TARGETED_DEVICE_FAMILY = 1;
			};
			name = Debug;
		};
		C163A1E826D06FC000528DB5 /* Release */ = {
			isa = XCBuildConfiguration;
			baseConfigurationReference = F6DB75E95EC5C49EBC94C3D0 /* Pods-BananaPhoto.release.xcconfig */;
			buildSettings = {
				ASSETCATALOG_COMPILER_APPICON_NAME = AppIcon;
				ASSETCATALOG_COMPILER_GLOBAL_ACCENT_COLOR_NAME = AccentColor;
				CODE_SIGN_STYLE = Automatic;
				CURRENT_PROJECT_VERSION = 4;
				DEVELOPMENT_TEAM = R43R4Y2L5Q;
				INFOPLIST_FILE = BananaPhoto/Info.plist;
				LD_RUNPATH_SEARCH_PATHS = (
					"$(inherited)",
					"@executable_path/Frameworks",
				);
				MARKETING_VERSION = 1.1;
				PRODUCT_BUNDLE_IDENTIFIER = com.hideya.BananaPhoto;
				PRODUCT_NAME = "$(TARGET_NAME)";
				SWIFT_VERSION = 5.0;
				TARGETED_DEVICE_FAMILY = 1;
			};
			name = Release;
		};
/* End XCBuildConfiguration section */

/* Begin XCConfigurationList section */
		C163A1CD26D06FBE00528DB5 /* Build configuration list for PBXProject "BananaPhoto" */ = {
			isa = XCConfigurationList;
			buildConfigurations = (
				C163A1E426D06FC000528DB5 /* Debug */,
				C163A1E526D06FC000528DB5 /* Release */,
			);
			defaultConfigurationIsVisible = 0;
			defaultConfigurationName = Release;
		};
		C163A1E626D06FC000528DB5 /* Build configuration list for PBXNativeTarget "BananaPhoto" */ = {
			isa = XCConfigurationList;
			buildConfigurations = (
				C163A1E726D06FC000528DB5 /* Debug */,
				C163A1E826D06FC000528DB5 /* Release */,
			);
			defaultConfigurationIsVisible = 0;
			defaultConfigurationName = Release;
		};
/* End XCConfigurationList section */
	};
	rootObject = C163A1CA26D06FBE00528DB5 /* Project object */;
}
